{
  "name": "docs",
  "version": "1.0.0",
  "lockfileVersion": 3,
  "requires": true,
  "packages": {
    "": {
      "name": "docs",
      "version": "1.0.0",
      "license": "ISC",
      "dependencies": {
        "@mediapipe/tasks-vision": "^0.10.12",
        "bootstrap": "^5.3.2",
        "tweakpane": "^4.0.3",
        "tweakpane-plugin-thumbnail-list": "github:kitschpatrol/tweakpane-plugin-thumbnail-list#tweakpane-v4"
      }
    },
    "node_modules/@mediapipe/tasks-vision": {
      "version": "0.10.12",
      "resolved": "https://registry.npmjs.org/@mediapipe/tasks-vision/-/tasks-vision-0.10.12.tgz",
      "integrity": "sha512-688Vukid7hvGmx+7hzS/EQ3Q4diz4eeX4/FYDw8f/t56UjFueD8LTvA2rX5BCIwvT0oy8QHKh5uKIyct1AOFtQ=="
    },
    "node_modules/@popperjs/core": {
      "version": "2.11.8",
      "resolved": "https://registry.npmjs.org/@popperjs/core/-/core-2.11.8.tgz",
      "integrity": "sha512-P1st0aksCrn9sGZhp8GMYwBnQsbvAWsZAX44oXNNvLHGqAOcoVxmjZiohstwQ7SqKnbR47akdNi+uleWD8+g6A==",
      "peer": true,
      "funding": {
        "type": "opencollective",
        "url": "https://opencollective.com/popperjs"
      }
    },
    "node_modules/bootstrap": {
      "version": "5.3.2",
      "resolved": "https://registry.npmjs.org/bootstrap/-/bootstrap-5.3.2.tgz",
      "integrity": "sha512-D32nmNWiQHo94BKHLmOrdjlL05q1c8oxbtBphQFb9Z5to6eGRDCm0QgeaZ4zFBHzfg2++rqa2JkqCcxDy0sH0g==",
      "funding": [
        {
          "type": "github",
          "url": "https://github.com/sponsors/twbs"
        },
        {
          "type": "opencollective",
          "url": "https://opencollective.com/bootstrap"
        }
      ],
      "peerDependencies": {
        "@popperjs/core": "^2.11.8"
      }
    },
    "node_modules/tweakpane": {
      "version": "4.0.3",
      "resolved": "https://registry.npmjs.org/tweakpane/-/tweakpane-4.0.3.tgz",
      "integrity": "sha512-BlcWOAe8oe4c+k9pmLBARGdWB6MVZMszayekkixQXTgkxTaYoTUpHpwVEp+3HkoamZkomodpbBf0CkguIHTgLg==",
      "funding": {
        "url": "https://github.com/sponsors/cocopon"
      }
    },
    "node_modules/tweakpane-plugin-thumbnail-list": {
      "version": "0.3.0",
      "resolved": "git+ssh://git@github.com/kitschpatrol/tweakpane-plugin-thumbnail-list.git#1e8e225782037670518d41a30f6ebb01848e3c77",
      "peerDependencies": {
        "tweakpane": "^4.0.0"
      }
    }
  }
}
